
Microsoft Visual Studio Solution File, Format Version 12.00
# Visual Studio Version 16
VisualStudioVersion = 16.0.33423.256
MinimumVisualStudioVersion = 10.0.40219.1
Project("{FAE04EC0-301F-11D3-BF4B-00C04F79EFBC}") = "45380011HePengCode", "45380011HePengCode\45380011HePengCode.csproj", "{2684DDA8-74C0-4891-802D-ABC9A2EDC341}"
EndProject
Global
	GlobalSection(SolutionConfigurationPlatforms) = preSolution
		Debug|Any CPU = Debug|Any CPU
		Release|Any CPU = Release|Any CPU
	EndGlobalSection
	GlobalSection(ProjectConfigurationPlatforms) = postSolution
		{2684DDA8-74C0-4891-802D-ABC9A2EDC341}.Debug|Any CPU.ActiveCfg = Debug|Any CPU
		{2684DDA8-74C0-4891-802D-ABC9A2EDC341}.Debug|Any CPU.Build.0 = Debug|Any CPU
		{2684DDA8-74C0-4891-802D-ABC9A2EDC341}.Release|Any CPU.ActiveCfg = Release|Any CPU
		{2684DDA8-74C0-4891-802D-ABC9A2EDC341}.Release|Any CPU.Build.0 = Release|Any CPU
	EndGlobalSection
	GlobalSection(SolutionProperties) = preSolution
		HideSolutionNode = FALSE
	EndGlobalSection
	GlobalSection(ExtensibilityGlobals) = postSolution
		SolutionGuid = {D813D8CD-4F12-44A8-8330-AC866A0C60C4}
	EndGlobalSection
EndGlobal
